
Microsoft Visual Studio Solution File, Format Version 12.00
# Visual Studio 2013
VisualStudioVersion = 12.0.30723.0
MinimumVisualStudioVersion = 10.0.40219.1
Project("{FAE04EC0-301F-11D3-BF4B-00C04F79EFBC}") = "AFI", "InterviewQuestions\AFI.csproj", "{ABCB93EF-4D06-4810-A3ED-548D9C3C7B30}"
EndProject
Project("{FAE04EC0-301F-11D3-BF4B-00C04F79EFBC}") = "AFI.Test", "InterviewQuestions.Test\AFI.Test.csproj", "{A125591E-F77B-495F-9AB8-39FD92BE4518}"
EndProject
Global
	GlobalSection(SolutionConfigurationPlatforms) = preSolution
		Debug|Any CPU = Debug|Any CPU
		Release|Any CPU = Release|Any CPU
	EndGlobalSection
	GlobalSection(ProjectConfigurationPlatforms) = postSolution
		{ABCB93EF-4D06-4810-A3ED-548D9C3C7B30}.Debug|Any CPU.ActiveCfg = Debug|Any CPU
		{ABCB93EF-4D06-4810-A3ED-548D9C3C7B30}.Debug|Any CPU.Build.0 = Debug|Any CPU
		{ABCB93EF-4D06-4810-A3ED-548D9C3C7B30}.Release|Any CPU.ActiveCfg = Release|Any CPU
		{ABCB93EF-4D06-4810-A3ED-548D9C3C7B30}.Release|Any CPU.Build.0 = Release|Any CPU
		{A125591E-F77B-495F-9AB8-39FD92BE4518}.Debug|Any CPU.ActiveCfg = Debug|Any CPU
		{A125591E-F77B-495F-9AB8-39FD92BE4518}.Debug|Any CPU.Build.0 = Debug|Any CPU
		{A125591E-F77B-495F-9AB8-39FD92BE4518}.Release|Any CPU.ActiveCfg = Release|Any CPU
		{A125591E-F77B-495F-9AB8-39FD92BE4518}.Release|Any CPU.Build.0 = Release|Any CPU
	EndGlobalSection
	GlobalSection(SolutionProperties) = preSolution
		HideSolutionNode = FALSE
	EndGlobalSection
EndGlobal
